
Microsoft Visual Studio Solution File, Format Version 12.00
# Visual Studio Version 17
VisualStudioVersion = 17.6.33723.286
MinimumVisualStudioVersion = 10.0.40219.1
Project("{FAE04EC0-301F-11D3-BF4B-00C04F79EFBC}") = "fith-project", "fith-project.csproj", "{ECDB07D3-5043-41EF-9FDF-CEE61B4C0CFC}"
EndProject
Global
	GlobalSection(SolutionConfigurationPlatforms) = preSolution
		Debug|Any CPU = Debug|Any CPU
		Release|Any CPU = Release|Any CPU
	EndGlobalSection
	GlobalSection(ProjectConfigurationPlatforms) = postSolution
		{ECDB07D3-5043-41EF-9FDF-CEE61B4C0CFC}.Debug|Any CPU.ActiveCfg = Debug|Any CPU
		{ECDB07D3-5043-41EF-9FDF-CEE61B4C0CFC}.Debug|Any CPU.Build.0 = Debug|Any CPU
		{ECDB07D3-5043-41EF-9FDF-CEE61B4C0CFC}.Release|Any CPU.ActiveCfg = Release|Any CPU
		{ECDB07D3-5043-41EF-9FDF-CEE61B4C0CFC}.Release|Any CPU.Build.0 = Release|Any CPU
	EndGlobalSection
	GlobalSection(SolutionProperties) = preSolution
		HideSolutionNode = FALSE
	EndGlobalSection
	GlobalSection(ExtensibilityGlobals) = postSolution
		SolutionGuid = {7FAAC512-89BB-400A-8EE8-99E53F8D2173}
	EndGlobalSection
EndGlobal
