
Microsoft Visual Studio Solution File, Format Version 12.00
# Visual Studio Version 17
VisualStudioVersion = 17.6.33723.286
MinimumVisualStudioVersion = 10.0.40219.1
Project("{FAE04EC0-301F-11D3-BF4B-00C04F79EFBC}") = "stars_pattern", "stars_pattern.csproj", "{CBA7AECA-801F-458D-92E0-36262CCCE251}"
EndProject
Global
	GlobalSection(SolutionConfigurationPlatforms) = preSolution
		Debug|Any CPU = Debug|Any CPU
		Release|Any CPU = Release|Any CPU
	EndGlobalSection
	GlobalSection(ProjectConfigurationPlatforms) = postSolution
		{CBA7AECA-801F-458D-92E0-36262CCCE251}.Debug|Any CPU.ActiveCfg = Debug|Any CPU
		{CBA7AECA-801F-458D-92E0-36262CCCE251}.Debug|Any CPU.Build.0 = Debug|Any CPU
		{CBA7AECA-801F-458D-92E0-36262CCCE251}.Release|Any CPU.ActiveCfg = Release|Any CPU
		{CBA7AECA-801F-458D-92E0-36262CCCE251}.Release|Any CPU.Build.0 = Release|Any CPU
	EndGlobalSection
	GlobalSection(SolutionProperties) = preSolution
		HideSolutionNode = FALSE
	EndGlobalSection
	GlobalSection(ExtensibilityGlobals) = postSolution
		SolutionGuid = {EEAB3A82-6A9C-44B2-AA02-107FA22BB63E}
	EndGlobalSection
EndGlobal
