
Microsoft Visual Studio Solution File, Format Version 12.00
# Visual Studio Version 17
VisualStudioVersion = 17.6.33723.286
MinimumVisualStudioVersion = 10.0.40219.1
Project("{FAE04EC0-301F-11D3-BF4B-00C04F79EFBC}") = "Acsses_Modify", "Acsses_Modify.csproj", "{7AB21930-0971-4DA1-9A4B-82FEE88842C3}"
EndProject
Project("{FAE04EC0-301F-11D3-BF4B-00C04F79EFBC}") = "ClassLibrary1", "..\ClassLibrary1\ClassLibrary1.csproj", "{2028F975-FCA3-4095-B123-442245C4A94E}"
EndProject
Project("{FAE04EC0-301F-11D3-BF4B-00C04F79EFBC}") = "library", "..\library\library.csproj", "{A7AE8A07-5878-41C2-8817-ABC073DA6269}"
EndProject
Global
	GlobalSection(SolutionConfigurationPlatforms) = preSolution
		Debug|Any CPU = Debug|Any CPU
		Release|Any CPU = Release|Any CPU
	EndGlobalSection
	GlobalSection(ProjectConfigurationPlatforms) = postSolution
		{7AB21930-0971-4DA1-9A4B-82FEE88842C3}.Debug|Any CPU.ActiveCfg = Debug|Any CPU
		{7AB21930-0971-4DA1-9A4B-82FEE88842C3}.Debug|Any CPU.Build.0 = Debug|Any CPU
		{7AB21930-0971-4DA1-9A4B-82FEE88842C3}.Release|Any CPU.ActiveCfg = Release|Any CPU
		{7AB21930-0971-4DA1-9A4B-82FEE88842C3}.Release|Any CPU.Build.0 = Release|Any CPU
		{2028F975-FCA3-4095-B123-442245C4A94E}.Debug|Any CPU.ActiveCfg = Debug|Any CPU
		{2028F975-FCA3-4095-B123-442245C4A94E}.Debug|Any CPU.Build.0 = Debug|Any CPU
		{2028F975-FCA3-4095-B123-442245C4A94E}.Release|Any CPU.ActiveCfg = Release|Any CPU
		{2028F975-FCA3-4095-B123-442245C4A94E}.Release|Any CPU.Build.0 = Release|Any CPU
		{A7AE8A07-5878-41C2-8817-ABC073DA6269}.Debug|Any CPU.ActiveCfg = Debug|Any CPU
		{A7AE8A07-5878-41C2-8817-ABC073DA6269}.Debug|Any CPU.Build.0 = Debug|Any CPU
		{A7AE8A07-5878-41C2-8817-ABC073DA6269}.Release|Any CPU.ActiveCfg = Release|Any CPU
		{A7AE8A07-5878-41C2-8817-ABC073DA6269}.Release|Any CPU.Build.0 = Release|Any CPU
	EndGlobalSection
	GlobalSection(SolutionProperties) = preSolution
		HideSolutionNode = FALSE
	EndGlobalSection
	GlobalSection(ExtensibilityGlobals) = postSolution
		SolutionGuid = {E3CEDF4C-6BC2-4432-9863-282CE327DDEB}
	EndGlobalSection
EndGlobal
