
Microsoft Visual Studio Solution File, Format Version 12.00
# Visual Studio Version 17
VisualStudioVersion = 17.6.33723.286
MinimumVisualStudioVersion = 10.0.40219.1
Project("{FAE04EC0-301F-11D3-BF4B-00C04F79EFBC}") = "interface", "interface.csproj", "{FBFBA851-A9FE-4161-A8B7-376866CB29E5}"
EndProject
Global
	GlobalSection(SolutionConfigurationPlatforms) = preSolution
		Debug|Any CPU = Debug|Any CPU
		Release|Any CPU = Release|Any CPU
	EndGlobalSection
	GlobalSection(ProjectConfigurationPlatforms) = postSolution
		{FBFBA851-A9FE-4161-A8B7-376866CB29E5}.Debug|Any CPU.ActiveCfg = Debug|Any CPU
		{FBFBA851-A9FE-4161-A8B7-376866CB29E5}.Debug|Any CPU.Build.0 = Debug|Any CPU
		{FBFBA851-A9FE-4161-A8B7-376866CB29E5}.Release|Any CPU.ActiveCfg = Release|Any CPU
		{FBFBA851-A9FE-4161-A8B7-376866CB29E5}.Release|Any CPU.Build.0 = Release|Any CPU
	EndGlobalSection
	GlobalSection(SolutionProperties) = preSolution
		HideSolutionNode = FALSE
	EndGlobalSection
	GlobalSection(ExtensibilityGlobals) = postSolution
		SolutionGuid = {EAD2AAC7-7987-4ACA-8CD5-61CFE0BD524A}
	EndGlobalSection
EndGlobal
