
Microsoft Visual Studio Solution File, Format Version 12.00
# Visual Studio Version 17
VisualStudioVersion = 17.6.33723.286
MinimumVisualStudioVersion = 10.0.40219.1
Project("{FAE04EC0-301F-11D3-BF4B-00C04F79EFBC}") = "beginner-inc#", "beginner-inc#.csproj", "{292ADB24-F027-4BEC-B106-55690AF60EF8}"
EndProject
Global
	GlobalSection(SolutionConfigurationPlatforms) = preSolution
		Debug|Any CPU = Debug|Any CPU
		Release|Any CPU = Release|Any CPU
	EndGlobalSection
	GlobalSection(ProjectConfigurationPlatforms) = postSolution
		{292ADB24-F027-4BEC-B106-55690AF60EF8}.Debug|Any CPU.ActiveCfg = Debug|Any CPU
		{292ADB24-F027-4BEC-B106-55690AF60EF8}.Debug|Any CPU.Build.0 = Debug|Any CPU
		{292ADB24-F027-4BEC-B106-55690AF60EF8}.Release|Any CPU.ActiveCfg = Release|Any CPU
		{292ADB24-F027-4BEC-B106-55690AF60EF8}.Release|Any CPU.Build.0 = Release|Any CPU
	EndGlobalSection
	GlobalSection(SolutionProperties) = preSolution
		HideSolutionNode = FALSE
	EndGlobalSection
	GlobalSection(ExtensibilityGlobals) = postSolution
		SolutionGuid = {025C5408-12AB-46B6-8CCB-80A11FA9C9C9}
	EndGlobalSection
EndGlobal
